Microsoft Visual Studio Solution File, Format Version 11.00
# Visual Studio 2010
Project("{FAE04EC0-301F-11D3-BF4B-00C04F79EFBC}") = "CircularGauge_Silverlight", "CircularGauge_Silverlight\CircularGauge_Silverlight.csproj", "{4339A03C-E04F-4AFD-8809-831E1466C310}"
EndProject
Project("{FAE04EC0-301F-11D3-BF4B-00C04F79EFBC}") = "CircularGauge_Silverlight.Web", "CircularGauge_Silverlight.Web\CircularGauge_Silverlight.Web.csproj", "{8EE027E4-BAED-4C86-97F3-70F4104785F6}"
EndProject
Global
	GlobalSection(SolutionConfigurationPlatforms) = preSolution
		Debug|Any CPU = Debug|Any CPU
		Release|Any CPU = Release|Any CPU
	EndGlobalSection
	GlobalSection(ProjectConfigurationPlatforms) = postSolution
		{4339A03C-E04F-4AFD-8809-831E1466C310}.Debug|Any CPU.ActiveCfg = Debug|Any CPU
		{4339A03C-E04F-4AFD-8809-831E1466C310}.Debug|Any CPU.Build.0 = Debug|Any CPU
		{4339A03C-E04F-4AFD-8809-831E1466C310}.Release|Any CPU.ActiveCfg = Release|Any CPU
		{4339A03C-E04F-4AFD-8809-831E1466C310}.Release|Any CPU.Build.0 = Release|Any CPU
		{8EE027E4-BAED-4C86-97F3-70F4104785F6}.Debug|Any CPU.ActiveCfg = Debug|Any CPU
		{8EE027E4-BAED-4C86-97F3-70F4104785F6}.Debug|Any CPU.Build.0 = Debug|Any CPU
		{8EE027E4-BAED-4C86-97F3-70F4104785F6}.Release|Any CPU.ActiveCfg = Release|Any CPU
		{8EE027E4-BAED-4C86-97F3-70F4104785F6}.Release|Any CPU.Build.0 = Release|Any CPU
	EndGlobalSection
	GlobalSection(SolutionProperties) = preSolution
		HideSolutionNode = FALSE
	EndGlobalSection
EndGlobal
